Microsoft Visual Studio Solution File, Format Version 12.00
# Visual Studio 2012
Project("{FAE04EC0-301F-11D3-BF4B-00C04F79EFBC}") = "Mini Jam - May 2021", "Mini Jam - May 2021.csproj", "{366A8FB7-CA2B-4768-9B02-A04FDBDABEF1}"
EndProject
Global
	GlobalSection(SolutionConfigurationPlatforms) = preSolution
	Debug|Any CPU = Debug|Any CPU
	ExportDebug|Any CPU = ExportDebug|Any CPU
	ExportRelease|Any CPU = ExportRelease|Any CPU
	EndGlobalSection
	GlobalSection(ProjectConfigurationPlatforms) = postSolution
		{366A8FB7-CA2B-4768-9B02-A04FDBDABEF1}.Debug|Any CPU.ActiveCfg = Debug|Any CPU
		{366A8FB7-CA2B-4768-9B02-A04FDBDABEF1}.Debug|Any CPU.Build.0 = Debug|Any CPU
		{366A8FB7-CA2B-4768-9B02-A04FDBDABEF1}.ExportDebug|Any CPU.ActiveCfg = ExportDebug|Any CPU
		{366A8FB7-CA2B-4768-9B02-A04FDBDABEF1}.ExportDebug|Any CPU.Build.0 = ExportDebug|Any CPU
		{366A8FB7-CA2B-4768-9B02-A04FDBDABEF1}.ExportRelease|Any CPU.ActiveCfg = ExportRelease|Any CPU
		{366A8FB7-CA2B-4768-9B02-A04FDBDABEF1}.ExportRelease|Any CPU.Build.0 = ExportRelease|Any CPU
	EndGlobalSection
EndGlobal
